{
    "version": 3,
    "terraform_version": "0.11.3",
    "serial": 6,
    "lineage": "9525302b-58bb-4700-bf0a-71620fba6b77",
    "modules": [
        {
            "path": [
                "root"
            ],
            "outputs": {},
            "resources": {
                "aws_route53_record.chris-blog": {
                    "type": "aws_route53_record",
                    "depends_on": [
                        "aws_route53_zone.mowforth"
                    ],
                    "primary": {
                        "id": "Z21HJM07ZPNGOK_chris.mowforth.com_A",
                        "attributes": {
                            "allow_overwrite": "true",
                            "fqdn": "chris.mowforth.com",
                            "health_check_id": "",
                            "id": "Z21HJM07ZPNGOK_chris.mowforth.com_A",
                            "name": "chris.mowforth.com",
                            "records.#": "1",
                            "records.2431806894": "52.17.166.253",
                            "set_identifier": "",
                            "ttl": "86400",
                            "type": "A",
                            "zone_id": "Z21HJM07ZPNGOK"
                        },
                        "meta": {
                            "schema_version": "2"
                        },
                        "tainted": false
                    },
                    "deposed": [],
                    "provider": "provider.aws"
                },
                "aws_route53_record.mail-dkim": {
                    "type": "aws_route53_record",
                    "depends_on": [
                        "aws_route53_zone.mowforth"
                    ],
                    "primary": {
                        "id": "Z21HJM07ZPNGOK_google._domainkey.mowforth.com_TXT",
                        "attributes": {
                            "allow_overwrite": "true",
                            "fqdn": "google._domainkey.mowforth.com",
                            "health_check_id": "",
                            "id": "Z21HJM07ZPNGOK_google._domainkey.mowforth.com_TXT",
                            "name": "google._domainkey.mowforth.com",
                            "records.#": "1",
                            "records.752219125": "v=DKIM1; k=rsa; t=y; p=MIGfMA0GCSqGSIb3DQEBAQUAA4GNADCBiQKBgQCJyuFP4CLhBkDpsK2x2UBEwg5gjcZzCxFndrLnXoWux0KLTLSJxeO8tLIrJ5AIhbD70g0bF4mn98lsKjU0foIlZArlK0BmK+dESsHOJezc5xAwzmrJsquZLzp1N6vylCbHtH1NBti++EfjW0zGTUf5t3yYq1/WtWZnMqTZYYKAdQIDAQAB",
                            "set_identifier": "",
                            "ttl": "86400",
                            "type": "TXT",
                            "zone_id": "Z21HJM07ZPNGOK"
                        },
                        "meta": {
                            "schema_version": "2"
                        },
                        "tainted": false
                    },
                    "deposed": [],
                    "provider": "provider.aws"
                },
                "aws_route53_record.mail-shortcut": {
                    "type": "aws_route53_record",
                    "depends_on": [
                        "aws_route53_zone.mowforth"
                    ],
                    "primary": {
                        "id": "Z21HJM07ZPNGOK_mail.mowforth.com_CNAME",
                        "attributes": {
                            "allow_overwrite": "true",
                            "fqdn": "mail.mowforth.com",
                            "health_check_id": "",
                            "id": "Z21HJM07ZPNGOK_mail.mowforth.com_CNAME",
                            "name": "mail.mowforth.com",
                            "records.#": "1",
                            "records.1273110260": "ghs.google.com.",
                            "set_identifier": "",
                            "ttl": "86400",
                            "type": "CNAME",
                            "zone_id": "Z21HJM07ZPNGOK"
                        },
                        "meta": {
                            "schema_version": "2"
                        },
                        "tainted": false
                    },
                    "deposed": [],
                    "provider": "provider.aws"
                },
                "aws_route53_record.mx-records": {
                    "type": "aws_route53_record",
                    "depends_on": [
                        "aws_route53_zone.mowforth"
                    ],
                    "primary": {
                        "id": "Z21HJM07ZPNGOK_mowforth.com_MX",
                        "attributes": {
                            "allow_overwrite": "true",
                            "fqdn": "mowforth.com",
                            "health_check_id": "",
                            "id": "Z21HJM07ZPNGOK_mowforth.com_MX",
                            "name": "mowforth.com",
                            "records.#": "5",
                            "records.1219110001": "5 alt2.aspmx.l.google.com.",
                            "records.1694951319": "10 aspmx2.googlemail.com.",
                            "records.1978072480": "1 aspmx.l.google.com.",
                            "records.3802148052": "10 aspmx3.googlemail.com.",
                            "records.867477138": "5 alt1.aspmx.l.google.com.",
                            "set_identifier": "",
                            "ttl": "86400",
                            "type": "MX",
                            "zone_id": "Z21HJM07ZPNGOK"
                        },
                        "meta": {
                            "schema_version": "2"
                        },
                        "tainted": false
                    },
                    "deposed": [],
                    "provider": "provider.aws"
                },
                "aws_route53_zone.mowforth": {
                    "type": "aws_route53_zone",
                    "depends_on": [],
                    "primary": {
                        "id": "Z21HJM07ZPNGOK",
                        "attributes": {
                            "comment": "Managed by Terraform",
                            "force_destroy": "false",
                            "id": "Z21HJM07ZPNGOK",
                            "name": "mowforth.com",
                            "name_servers.#": "4",
                            "name_servers.0": "ns-1251.awsdns-28.org",
                            "name_servers.1": "ns-2038.awsdns-62.co.uk",
                            "name_servers.2": "ns-292.awsdns-36.com",
                            "name_servers.3": "ns-572.awsdns-07.net",
                            "tags.%": "0",
                            "zone_id": "Z21HJM07ZPNGOK"
                        },
                        "meta": {},
                        "tainted": false
                    },
                    "deposed": [],
                    "provider": "provider.aws"
                }
            },
            "depends_on": []
        }
    ]
}
